// !$*UTF8*$!
{
	archiveVersion = 1;
	classes = {
	};
	objectVersion = 46;
	objects = {

/* Begin PBXBuildFile section */
		7B881258194B028300FB16E2 /* TXPostsData.m in Sources */ = {isa = PBXBuildFile; fileRef = 7B881257194B028300FB16E2 /* TXPostsData.m */; };
		7BB03A0A194AA2AC00F6189A /* TXContentData.m in Sources */ = {isa = PBXBuildFile; fileRef = 7BB03A09194AA2AC00F6189A /* TXContentData.m */; };
		7BBB272A1949543E00FF421A /* TXMainListTableViewController.m in Sources */ = {isa = PBXBuildFile; fileRef = 7BBB27291949543E00FF421A /* TXMainListTableViewController.m */; };
		7BBB272D194956F400FF421A /* TXMainListTableViewCell.m in Sources */ = {isa = PBXBuildFile; fileRef = 7BBB272C194956F400FF421A /* TXMainListTableViewCell.m */; };
		7BF3623D1946BFB200FE539B /* Foundation.framework in Frameworks */ = {isa = PBXBuildFile; fileRef = 7BF3623C1946BFB200FE539B /* Foundation.framework */; };
		7BF3623F1946BFB200FE539B /* CoreGraphics.framework in Frameworks */ = {isa = PBXBuildFile; fileRef = 7BF3623E1946BFB200FE539B /* CoreGraphics.framework */; };
		7BF362411946BFB200FE539B /* UIKit.framework in Frameworks */ = {isa = PBXBuildFile; fileRef = 7BF362401946BFB200FE539B /* UIKit.framework */; };
		7BF362471946BFB200FE539B /* InfoPlist.strings in Resources */ = {isa = PBXBuildFile; fileRef = 7BF362451946BFB200FE539B /* InfoPlist.strings */; };
		7BF362491946BFB200FE539B /* main.m in Sources */ = {isa = PBXBuildFile; fileRef = 7BF362481946BFB200FE539B /* main.m */; };
		7BF3624D1946BFB200FE539B /* TXAppDelegate.m in Sources */ = {isa = PBXBuildFile; fileRef = 7BF3624C1946BFB200FE539B /* TXAppDelegate.m */; };
		7BF362501946BFB200FE539B /* Main.storyboard in Resources */ = {isa = PBXBuildFile; fileRef = 7BF3624E1946BFB200FE539B /* Main.storyboard */; };
		7BF362531946BFB200FE539B /* TXViewController.m in Sources */ = {isa = PBXBuildFile; fileRef = 7BF362521946BFB200FE539B /* TXViewController.m */; };
		7BF362551946BFB300FE539B /* Images.xcassets in Resources */ = {isa = PBXBuildFile; fileRef = 7BF362541946BFB300FE539B /* Images.xcassets */; };
		7BF3625C1946BFB300FE539B /* XCTest.framework in Frameworks */ = {isa = PBXBuildFile; fileRef = 7BF3625B1946BFB300FE539B /* XCTest.framework */; };
		7BF3625D1946BFB300FE539B /* Foundation.framework in Frameworks */ = {isa = PBXBuildFile; fileRef = 7BF3623C1946BFB200FE539B /* Foundation.framework */; };
		7BF3625E1946BFB300FE539B /* UIKit.framework in Frameworks */ = {isa = PBXBuildFile; fileRef = 7BF362401946BFB200FE539B /* UIKit.framework */; };
		7BF362661946BFB300FE539B /* InfoPlist.strings in Resources */ = {isa = PBXBuildFile; fileRef = 7BF362641946BFB300FE539B /* InfoPlist.strings */; };
		7BF362681946BFB300FE539B /* PengfuProtoTypeTests.m in Sources */ = {isa = PBXBuildFile; fileRef = 7BF362671946BFB300FE539B /* PengfuProtoTypeTests.m */; };
/* End PBXBuildFile section */

/* Begin PBXContainerItemProxy section */
		7BF3625F1946BFB300FE539B /* PBXContainerItemProxy */ = {
			isa = PBXContainerItemProxy;
			containerPortal = 7BF362311946BFB200FE539B /* Project object */;
			proxyType = 1;
			remoteGlobalIDString = 7BF362381946BFB200FE539B;
			remoteInfo = PengfuProtoType;
		};
/* End PBXContainerItemProxy section */

/* Begin PBXFileReference section */
		7B881256194B028300FB16E2 /* TXPostsData.h */ = {isa = PBXFileReference; fileEncoding = 4; lastKnownFileType = sourcecode.c.h; path = TXPostsData.h; sourceTree = "<group>"; };
		7B881257194B028300FB16E2 /* TXPostsData.m */ = {isa = PBXFileReference; fileEncoding = 4; lastKnownFileType = sourcecode.c.objc; path = TXPostsData.m; sourceTree = "<group>"; };
		7BB03A08194AA2AC00F6189A /* TXContentData.h */ = {isa = PBXFileReference; fileEncoding = 4; lastKnownFileType = sourcecode.c.h; path = TXContentData.h; sourceTree = "<group>"; };
		7BB03A09194AA2AC00F6189A /* TXContentData.m */ = {isa = PBXFileReference; fileEncoding = 4; lastKnownFileType = sourcecode.c.objc; path = TXContentData.m; sourceTree = "<group>"; };
		7BBB27281949543E00FF421A /* TXMainListTableViewController.h */ = {isa = PBXFileReference; fileEncoding = 4; lastKnownFileType = sourcecode.c.h; path = TXMainListTableViewController.h; sourceTree = "<group>"; };
		7BBB27291949543E00FF421A /* TXMainListTableViewController.m */ = {isa = PBXFileReference; fileEncoding = 4; lastKnownFileType = sourcecode.c.objc; path = TXMainListTableViewController.m; sourceTree = "<group>"; };
		7BBB272B194956F400FF421A /* TXMainListTableViewCell.h */ = {isa = PBXFileReference; fileEncoding = 4; lastKnownFileType = sourcecode.c.h; name = TXMainListTableViewCell.h; path = ../TXMainListTableViewCell.h; sourceTree = "<group>"; };
		7BBB272C194956F400FF421A /* TXMainListTableViewCell.m */ = {isa = PBXFileReference; fileEncoding = 4; lastKnownFileType = sourcecode.c.objc; name = TXMainListTableViewCell.m; path = ../TXMainListTableViewCell.m; sourceTree = "<group>"; };
		7BF362391946BFB200FE539B /* PengfuProtoType.app */ = {isa = PBXFileReference; explicitFileType = wrapper.application; includeInIndex = 0; path = PengfuProtoType.app; sourceTree = BUILT_PRODUCTS_DIR; };
		7BF3623C1946BFB200FE539B /* Foundation.framework */ = {isa = PBXFileReference; lastKnownFileType = wrapper.framework; name = Foundation.framework; path = System/Library/Frameworks/Foundation.framework; sourceTree = SDKROOT; };
		7BF3623E1946BFB200FE539B /* CoreGraphics.framework */ = {isa = PBXFileReference; lastKnownFileType = wrapper.framework; name = CoreGraphics.framework; path = System/Library/Frameworks/CoreGraphics.framework; sourceTree = SDKROOT; };
		7BF362401946BFB200FE539B /* UIKit.framework */ = {isa = PBXFileReference; lastKnownFileType = wrapper.framework; name = UIKit.framework; path = System/Library/Frameworks/UIKit.framework; sourceTree = SDKROOT; };
		7BF362441946BFB200FE539B /* PengfuProtoType-Info.plist */ = {isa = PBXFileReference; lastKnownFileType = text.plist.xml; path = "PengfuProtoType-Info.plist"; sourceTree = "<group>"; };
		7BF362461946BFB200FE539B /* en */ = {isa = PBXFileReference; lastKnownFileType = text.plist.strings; name = en; path = en.lproj/InfoPlist.strings; sourceTree = "<group>"; };
		7BF362481946BFB200FE539B /* main.m */ = {isa = PBXFileReference; lastKnownFileType = sourcecode.c.objc; path = main.m; sourceTree = "<group>"; };
		7BF3624A1946BFB200FE539B /* PengfuProtoType-Prefix.pch */ = {isa = PBXFileReference; lastKnownFileType = sourcecode.c.h; path = "PengfuProtoType-Prefix.pch"; sourceTree = "<group>"; };
		7BF3624B1946BFB200FE539B /* TXAppDelegate.h */ = {isa = PBXFileReference; lastKnownFileType = sourcecode.c.h; path = TXAppDelegate.h; sourceTree = "<group>"; };
		7BF3624C1946BFB200FE539B /* TXAppDelegate.m */ = {isa = PBXFileReference; lastKnownFileType = sourcecode.c.objc; path = TXAppDelegate.m; sourceTree = "<group>"; };
		7BF3624F1946BFB200FE539B /* Base */ = {isa = PBXFileReference; lastKnownFileType = file.storyboard; name = Base; path = Base.lproj/Main.storyboard; sourceTree = "<group>"; };
		7BF362511946BFB200FE539B /* TXViewController.h */ = {isa = PBXFileReference; lastKnownFileType = sourcecode.c.h; path = TXViewController.h; sourceTree = "<group>"; };
		7BF362521946BFB200FE539B /* TXViewController.m */ = {isa = PBXFileReference; lastKnownFileType = sourcecode.c.objc; path = TXViewController.m; sourceTree = "<group>"; };
		7BF362541946BFB300FE539B /* Images.xcassets */ = {isa = PBXFileReference; lastKnownFileType = folder.assetcatalog; path = Images.xcassets; sourceTree = "<group>"; };
		7BF3625A1946BFB300FE539B /* PengfuProtoTypeTests.xctest */ = {isa = PBXFileReference; explicitFileType = wrapper.cfbundle; includeInIndex = 0; path = PengfuProtoTypeTests.xctest; sourceTree = BUILT_PRODUCTS_DIR; };
		7BF3625B1946BFB300FE539B /* XCTest.framework */ = {isa = PBXFileReference; lastKnownFileType = wrapper.framework; name = XCTest.framework; path = Library/Frameworks/XCTest.framework; sourceTree = DEVELOPER_DIR; };
		7BF362631946BFB300FE539B /* PengfuProtoTypeTests-Info.plist */ = {isa = PBXFileReference; lastKnownFileType = text.plist.xml; path = "PengfuProtoTypeTests-Info.plist"; sourceTree = "<group>"; };
		7BF362651946BFB300FE539B /* en */ = {isa = PBXFileReference; lastKnownFileType = text.plist.strings; name = en; path = en.lproj/InfoPlist.strings; sourceTree = "<group>"; };
		7BF362671946BFB300FE539B /* PengfuProtoTypeTests.m */ = {isa = PBXFileReference; lastKnownFileType = sourcecode.c.objc; path = PengfuProtoTypeTests.m; sourceTree = "<group>"; };
/* End PBXFileReference section */

/* Begin PBXFrameworksBuildPhase section */
		7BF362361946BFB200FE539B /* Frameworks */ = {
			isa = PBXFrameworksBuildPhase;
			buildActionMask = 2147483647;
			files = (
				7BF3623F1946BFB200FE539B /* CoreGraphics.framework in Frameworks */,
				7BF362411946BFB200FE539B /* UIKit.framework in Frameworks */,
				7BF3623D1946BFB200FE539B /* Foundation.framework in Frameworks */,
			);
			runOnlyForDeploymentPostprocessing = 0;
		};
		7BF362571946BFB300FE539B /* Frameworks */ = {
			isa = PBXFrameworksBuildPhase;
			buildActionMask = 2147483647;
			files = (
				7BF3625C1946BFB300FE539B /* XCTest.framework in Frameworks */,
				7BF3625E1946BFB300FE539B /* UIKit.framework in Frameworks */,
				7BF3625D1946BFB300FE539B /* Foundation.framework in Frameworks */,
			);
			runOnlyForDeploymentPostprocessing = 0;
		};
/* End PBXFrameworksBuildPhase section */

/* Begin PBXGroup section */
		7BB03A07194AA0A300F6189A /* item */ = {
			isa = PBXGroup;
			children = (
				7BB03A08194AA2AC00F6189A /* TXContentData.h */,
				7BB03A09194AA2AC00F6189A /* TXContentData.m */,
				7B881256194B028300FB16E2 /* TXPostsData.h */,
				7B881257194B028300FB16E2 /* TXPostsData.m */,
			);
			name = item;
			sourceTree = "<group>";
		};
		7BF362301946BFB200FE539B = {
			isa = PBXGroup;
			children = (
				7BF362421946BFB200FE539B /* PengfuProtoType */,
				7BF362611946BFB300FE539B /* PengfuProtoTypeTests */,
				7BF3623B1946BFB200FE539B /* Frameworks */,
				7BF3623A1946BFB200FE539B /* Products */,
			);
			sourceTree = "<group>";
		};
		7BF3623A1946BFB200FE539B /* Products */ = {
			isa = PBXGroup;
			children = (
				7BF362391946BFB200FE539B /* PengfuProtoType.app */,
				7BF3625A1946BFB300FE539B /* PengfuProtoTypeTests.xctest */,
			);
			name = Products;
			sourceTree = "<group>";
		};
		7BF3623B1946BFB200FE539B /* Frameworks */ = {
			isa = PBXGroup;
			children = (
				7BF3623C1946BFB200FE539B /* Foundation.framework */,
				7BF3623E1946BFB200FE539B /* CoreGraphics.framework */,
				7BF362401946BFB200FE539B /* UIKit.framework */,
				7BF3625B1946BFB300FE539B /* XCTest.framework */,
			);
			name = Frameworks;
			sourceTree = "<group>";
		};
		7BF362421946BFB200FE539B /* PengfuProtoType */ = {
			isa = PBXGroup;
			children = (
				7BB03A07194AA0A300F6189A /* item */,
				7BF3624B1946BFB200FE539B /* TXAppDelegate.h */,
				7BF3624C1946BFB200FE539B /* TXAppDelegate.m */,
				7BF3624E1946BFB200FE539B /* Main.storyboard */,
				7BF362511946BFB200FE539B /* TXViewController.h */,
				7BF362521946BFB200FE539B /* TXViewController.m */,
				7BF362541946BFB300FE539B /* Images.xcassets */,
				7BF362431946BFB200FE539B /* Supporting Files */,
				7BBB272B194956F400FF421A /* TXMainListTableViewCell.h */,
				7BBB272C194956F400FF421A /* TXMainListTableViewCell.m */,
				7BBB27281949543E00FF421A /* TXMainListTableViewController.h */,
				7BBB27291949543E00FF421A /* TXMainListTableViewController.m */,
			);
			path = PengfuProtoType;
			sourceTree = "<group>";
		};
		7BF362431946BFB200FE539B /* Supporting Files */ = {
			isa = PBXGroup;
			children = (
				7BF362441946BFB200FE539B /* PengfuProtoType-Info.plist */,
				7BF362451946BFB200FE539B /* InfoPlist.strings */,
				7BF362481946BFB200FE539B /* main.m */,
				7BF3624A1946BFB200FE539B /* PengfuProtoType-Prefix.pch */,
			);
			name = "Supporting Files";
			sourceTree = "<group>";
		};
		7BF362611946BFB300FE539B /* PengfuProtoTypeTests */ = {
			isa = PBXGroup;
			children = (
				7BF362671946BFB300FE539B /* PengfuProtoTypeTests.m */,
				7BF362621946BFB300FE539B /* Supporting Files */,
			);
			path = PengfuProtoTypeTests;
			sourceTree = "<group>";
		};
		7BF362621946BFB300FE539B /* Supporting Files */ = {
			isa = PBXGroup;
			children = (
				7BF362631946BFB300FE539B /* PengfuProtoTypeTests-Info.plist */,
				7BF362641946BFB300FE539B /* InfoPlist.strings */,
			);
			name = "Supporting Files";
			sourceTree = "<group>";
		};
/* End PBXGroup section */

/* Begin PBXNativeTarget section */
		7BF362381946BFB200FE539B /* PengfuProtoType */ = {
			isa = PBXNativeTarget;
			buildConfigurationList = 7BF3626B1946BFB300FE539B /* Build configuration list for PBXNativeTarget "PengfuProtoType" */;
			buildPhases = (
				7BF362351946BFB200FE539B /* Sources */,
				7BF362361946BFB200FE539B /* Frameworks */,
				7BF362371946BFB200FE539B /* Resources */,
			);
			buildRules = (
			);
			dependencies = (
			);
			name = PengfuProtoType;
			productName = PengfuProtoType;
			productReference = 7BF362391946BFB200FE539B /* PengfuProtoType.app */;
			productType = "com.apple.product-type.application";
		};
		7BF362591946BFB300FE539B /* PengfuProtoTypeTests */ = {
			isa = PBXNativeTarget;
			buildConfigurationList = 7BF3626E1946BFB300FE539B /* Build configuration list for PBXNativeTarget "PengfuProtoTypeTests" */;
			buildPhases = (
				7BF362561946BFB300FE539B /* Sources */,
				7BF362571946BFB300FE539B /* Frameworks */,
				7BF362581946BFB300FE539B /* Resources */,
			);
			buildRules = (
			);
			dependencies = (
				7BF362601946BFB300FE539B /* PBXTargetDependency */,
			);
			name = PengfuProtoTypeTests;
			productName = PengfuProtoTypeTests;
			productReference = 7BF3625A1946BFB300FE539B /* PengfuProtoTypeTests.xctest */;
			productType = "com.apple.product-type.bundle.unit-test";
		};
/* End PBXNativeTarget section */

/* Begin PBXProject section */
		7BF362311946BFB200FE539B /* Project object */ = {
			isa = PBXProject;
			attributes = {
				CLASSPREFIX = TX;
				LastUpgradeCheck = 0510;
				ORGANIZATIONNAME = tiexue;
				TargetAttributes = {
					7BF362591946BFB300FE539B = {
						TestTargetID = 7BF362381946BFB200FE539B;
					};
				};
			};
			buildConfigurationList = 7BF362341946BFB200FE539B /* Build configuration list for PBXProject "PengfuProtoType" */;
			compatibilityVersion = "Xcode 3.2";
			developmentRegion = English;
			hasScannedForEncodings = 0;
			knownRegions = (
				en,
				Base,
			);
			mainGroup = 7BF362301946BFB200FE539B;
			productRefGroup = 7BF3623A1946BFB200FE539B /* Products */;
			projectDirPath = "";
			projectRoot = "";
			targets = (
				7BF362381946BFB200FE539B /* PengfuProtoType */,
				7BF362591946BFB300FE539B /* PengfuProtoTypeTests */,
			);
		};
/* End PBXProject section */

/* Begin PBXResourcesBuildPhase section */
		7BF362371946BFB200FE539B /* Resources */ = {
			isa = PBXResourcesBuildPhase;
			buildActionMask = 2147483647;
			files = (
				7BF362551946BFB300FE539B /* Images.xcassets in Resources */,
				7BF362471946BFB200FE539B /* InfoPlist.strings in Resources */,
				7BF362501946BFB200FE539B /* Main.storyboard in Resources */,
			);
			runOnlyForDeploymentPostprocessing = 0;
		};
		7BF362581946BFB300FE539B /* Resources */ = {
			isa = PBXResourcesBuildPhase;
			buildActionMask = 2147483647;
			files = (
				7BF362661946BFB300FE539B /* InfoPlist.strings in Resources */,
			);
			runOnlyForDeploymentPostprocessing = 0;
		};
/* End PBXResourcesBuildPhase section */

/* Begin PBXSourcesBuildPhase section */
		7BF362351946BFB200FE539B /* Sources */ = {
			isa = PBXSourcesBuildPhase;
			buildActionMask = 2147483647;
			files = (
				7BF3624D1946BFB200FE539B /* TXAppDelegate.m in Sources */,
				7BBB272D194956F400FF421A /* TXMainListTableViewCell.m in Sources */,
				7BF362491946BFB200FE539B /* main.m in Sources */,
				7BB03A0A194AA2AC00F6189A /* TXContentData.m in Sources */,
				7BBB272A1949543E00FF421A /* TXMainListTableViewController.m in Sources */,
				7BF362531946BFB200FE539B /* TXViewController.m in Sources */,
				7B881258194B028300FB16E2 /* TXPostsData.m in Sources */,
			);
			runOnlyForDeploymentPostprocessing = 0;
		};
		7BF362561946BFB300FE539B /* Sources */ = {
			isa = PBXSourcesBuildPhase;
			buildActionMask = 2147483647;
			files = (
				7BF362681946BFB300FE539B /* PengfuProtoTypeTests.m in Sources */,
			);
			runOnlyForDeploymentPostprocessing = 0;
		};
/* End PBXSourcesBuildPhase section */

/* Begin PBXTargetDependency section */
		7BF362601946BFB300FE539B /* PBXTargetDependency */ = {
			isa = PBXTargetDependency;
			target = 7BF362381946BFB200FE539B /* PengfuProtoType */;
			targetProxy = 7BF3625F1946BFB300FE539B /* PBXContainerItemProxy */;
		};
/* End PBXTargetDependency section */

/* Begin PBXVariantGroup section */
		7BF362451946BFB200FE539B /* InfoPlist.strings */ = {
			isa = PBXVariantGroup;
			children = (
				7BF362461946BFB200FE539B /* en */,
			);
			name = InfoPlist.strings;
			sourceTree = "<group>";
		};
		7BF3624E1946BFB200FE539B /* Main.storyboard */ = {
			isa = PBXVariantGroup;
			children = (
				7BF3624F1946BFB200FE539B /* Base */,
			);
			name = Main.storyboard;
			sourceTree = "<group>";
		};
		7BF362641946BFB300FE539B /* InfoPlist.strings */ = {
			isa = PBXVariantGroup;
			children = (
				7BF362651946BFB300FE539B /* en */,
			);
			name = InfoPlist.strings;
			sourceTree = "<group>";
		};
/* End PBXVariantGroup section */

/* Begin XCBuildConfiguration section */
		7BF362691946BFB300FE539B /* Debug */ = {
			isa = XCBuildConfiguration;
			buildSettings = {
				ALWAYS_SEARCH_USER_PATHS = NO;
				CLANG_CXX_LANGUAGE_STANDARD = "gnu++0x";
				CLANG_CXX_LIBRARY = "libc++";
				CLANG_ENABLE_MODULES = YES;
				CLANG_ENABLE_OBJC_ARC = YES;
				CLANG_WARN_BOOL_CONVERSION = YES;
				CLANG_WARN_CONSTANT_CONVERSION = YES;
				CLANG_WARN_DIRECT_OBJC_ISA_USAGE = YES_ERROR;
				CLANG_WARN_EMPTY_BODY = YES;
				CLANG_WARN_ENUM_CONVERSION = YES;
				CLANG_WARN_INT_CONVERSION = YES;
				CLANG_WARN_OBJC_ROOT_CLASS = YES_ERROR;
				CLANG_WARN__DUPLICATE_METHOD_MATCH = YES;
				"CODE_SIGN_IDENTITY[sdk=iphoneos*]" = "iPhone Developer";
				COPY_PHASE_STRIP = NO;
				GCC_C_LANGUAGE_STANDARD = gnu99;
				GCC_DYNAMIC_NO_PIC = NO;
				GCC_OPTIMIZATION_LEVEL = 0;
				GCC_PREPROCESSOR_DEFINITIONS = (
					"DEBUG=1",
					"$(inherited)",
				);
				GCC_SYMBOLS_PRIVATE_EXTERN = NO;
				GCC_WARN_64_TO_32_BIT_CONVERSION = YES;
				GCC_WARN_ABOUT_RETURN_TYPE = YES_ERROR;
				GCC_WARN_UNDECLARED_SELECTOR = YES;
				GCC_WARN_UNINITIALIZED_AUTOS = YES_AGGRESSIVE;
				GCC_WARN_UNUSED_FUNCTION = YES;
				GCC_WARN_UNUSED_VARIABLE = YES;
				IPHONEOS_DEPLOYMENT_TARGET = 7.1;
				ONLY_ACTIVE_ARCH = YES;
				SDKROOT = iphoneos;
			};
			name = Debug;
		};
		7BF3626A1946BFB300FE539B /* Release */ = {
			isa = XCBuildConfiguration;
			buildSettings = {
				ALWAYS_SEARCH_USER_PATHS = NO;
				CLANG_CXX_LANGUAGE_STANDARD = "gnu++0x";
				CLANG_CXX_LIBRARY = "libc++";
				CLANG_ENABLE_MODULES = YES;
				CLANG_ENABLE_OBJC_ARC = YES;
				CLANG_WARN_BOOL_CONVERSION = YES;
				CLANG_WARN_CONSTANT_CONVERSION = YES;
				CLANG_WARN_DIRECT_OBJC_ISA_USAGE = YES_ERROR;
				CLANG_WARN_EMPTY_BODY = YES;
				CLANG_WARN_ENUM_CONVERSION = YES;
				CLANG_WARN_INT_CONVERSION = YES;
				CLANG_WARN_OBJC_ROOT_CLASS = YES_ERROR;
				CLANG_WARN__DUPLICATE_METHOD_MATCH = YES;
				"CODE_SIGN_IDENTITY[sdk=iphoneos*]" = "iPhone Developer";
				COPY_PHASE_STRIP = YES;
				ENABLE_NS_ASSERTIONS = NO;
				GCC_C_LANGUAGE_STANDARD = gnu99;
				GCC_WARN_64_TO_32_BIT_CONVERSION = YES;
				GCC_WARN_ABOUT_RETURN_TYPE = YES_ERROR;
				GCC_WARN_UNDECLARED_SELECTOR = YES;
				GCC_WARN_UNINITIALIZED_AUTOS = YES_AGGRESSIVE;
				GCC_WARN_UNUSED_FUNCTION = YES;
				GCC_WARN_UNUSED_VARIABLE = YES;
				IPHONEOS_DEPLOYMENT_TARGET = 7.1;
				SDKROOT = iphoneos;
				VALIDATE_PRODUCT = YES;
			};
			name = Release;
		};
		7BF3626C1946BFB300FE539B /* Debug */ = {
			isa = XCBuildConfiguration;
			buildSettings = {
				ASSETCATALOG_COMPILER_APPICON_NAME = AppIcon;
				ASSETCATALOG_COMPILER_LAUNCHIMAGE_NAME = LaunchImage;
				GCC_PRECOMPILE_PREFIX_HEADER = YES;
				GCC_PREFIX_HEADER = "PengfuProtoType/PengfuProtoType-Prefix.pch";
				INFOPLIST_FILE = "PengfuProtoType/PengfuProtoType-Info.plist";
				PRODUCT_NAME = "$(TARGET_NAME)";
				WRAPPER_EXTENSION = app;
			};
			name = Debug;
		};
		7BF3626D1946BFB300FE539B /* Release */ = {
			isa = XCBuildConfiguration;
			buildSettings = {
				ASSETCATALOG_COMPILER_APPICON_NAME = AppIcon;
				ASSETCATALOG_COMPILER_LAUNCHIMAGE_NAME = LaunchImage;
				GCC_PRECOMPILE_PREFIX_HEADER = YES;
				GCC_PREFIX_HEADER = "PengfuProtoType/PengfuProtoType-Prefix.pch";
				INFOPLIST_FILE = "PengfuProtoType/PengfuProtoType-Info.plist";
				PRODUCT_NAME = "$(TARGET_NAME)";
				WRAPPER_EXTENSION = app;
			};
			name = Release;
		};
		7BF3626F1946BFB300FE539B /* Debug */ = {
			isa = XCBuildConfiguration;
			buildSettings = {
				BUNDLE_LOADER = "$(BUILT_PRODUCTS_DIR)/PengfuProtoType.app/PengfuProtoType";
				FRAMEWORK_SEARCH_PATHS = (
					"$(SDKROOT)/Developer/Library/Frameworks",
					"$(inherited)",
					"$(DEVELOPER_FRAMEWORKS_DIR)",
				);
				GCC_PRECOMPILE_PREFIX_HEADER = YES;
				GCC_PREFIX_HEADER = "PengfuProtoType/PengfuProtoType-Prefix.pch";
				GCC_PREPROCESSOR_DEFINITIONS = (
					"DEBUG=1",
					"$(inherited)",
				);
				INFOPLIST_FILE = "PengfuProtoTypeTests/PengfuProtoTypeTests-Info.plist";
				PRODUCT_NAME = "$(TARGET_NAME)";
				TEST_HOST = "$(BUNDLE_LOADER)";
				WRAPPER_EXTENSION = xctest;
			};
			name = Debug;
		};
		7BF362701946BFB300FE539B /* Release */ = {
			isa = XCBuildConfiguration;
			buildSettings = {
				BUNDLE_LOADER = "$(BUILT_PRODUCTS_DIR)/PengfuProtoType.app/PengfuProtoType";
				FRAMEWORK_SEARCH_PATHS = (
					"$(SDKROOT)/Developer/Library/Frameworks",
					"$(inherited)",
					"$(DEVELOPER_FRAMEWORKS_DIR)",
				);
				GCC_PRECOMPILE_PREFIX_HEADER = YES;
				GCC_PREFIX_HEADER = "PengfuProtoType/PengfuProtoType-Prefix.pch";
				INFOPLIST_FILE = "PengfuProtoTypeTests/PengfuProtoTypeTests-Info.plist";
				PRODUCT_NAME = "$(TARGET_NAME)";
				TEST_HOST = "$(BUNDLE_LOADER)";
				WRAPPER_EXTENSION = xctest;
			};
			name = Release;
		};
/* End XCBuildConfiguration section */

/* Begin XCConfigurationList section */
		7BF362341946BFB200FE539B /* Build configuration list for PBXProject "PengfuProtoType" */ = {
			isa = XCConfigurationList;
			buildConfigurations = (
				7BF362691946BFB300FE539B /* Debug */,
				7BF3626A1946BFB300FE539B /* Release */,
			);
			defaultConfigurationIsVisible = 0;
			defaultConfigurationName = Release;
		};
		7BF3626B1946BFB300FE539B /* Build configuration list for PBXNativeTarget "PengfuProtoType" */ = {
			isa = XCConfigurationList;
			buildConfigurations = (
				7BF3626C1946BFB300FE539B /* Debug */,
				7BF3626D1946BFB300FE539B /* Release */,
			);
			defaultConfigurationIsVisible = 0;
			defaultConfigurationName = Release;
		};
		7BF3626E1946BFB300FE539B /* Build configuration list for PBXNativeTarget "PengfuProtoTypeTests" */ = {
			isa = XCConfigurationList;
			buildConfigurations = (
				7BF3626F1946BFB300FE539B /* Debug */,
				7BF362701946BFB300FE539B /* Release */,
			);
			defaultConfigurationIsVisible = 0;
			defaultConfigurationName = Release;
		};
/* End XCConfigurationList section */
	};
	rootObject = 7BF362311946BFB200FE539B /* Project object */;
}
